
Microsoft Visual Studio Solution File, Format Version 12.00
# Visual Studio Version 17
VisualStudioVersion = 17.4.33110.190
MinimumVisualStudioVersion = 10.0.40219.1
Project("{FAE04EC0-301F-11D3-BF4B-00C04F79EFBC}") = "ParallelizationLab3", "ParallelizationLab3\ParallelizationLab3.csproj", "{AF7707B4-F64D-40DA-A005-A2E326304174}"
EndProject
Global
	GlobalSection(SolutionConfigurationPlatforms) = preSolution
		Debug|Any CPU = Debug|Any CPU
		Release|Any CPU = Release|Any CPU
	EndGlobalSection
	GlobalSection(ProjectConfigurationPlatforms) = postSolution
		{AF7707B4-F64D-40DA-A005-A2E326304174}.Debug|Any CPU.ActiveCfg = Debug|Any CPU
		{AF7707B4-F64D-40DA-A005-A2E326304174}.Debug|Any CPU.Build.0 = Debug|Any CPU
		{AF7707B4-F64D-40DA-A005-A2E326304174}.Release|Any CPU.ActiveCfg = Release|Any CPU
		{AF7707B4-F64D-40DA-A005-A2E326304174}.Release|Any CPU.Build.0 = Release|Any CPU
	EndGlobalSection
	GlobalSection(SolutionProperties) = preSolution
		HideSolutionNode = FALSE
	EndGlobalSection
	GlobalSection(ExtensibilityGlobals) = postSolution
		SolutionGuid = {0D95AED5-10FC-4058-AA9A-44B3E48F36C7}
	EndGlobalSection
EndGlobal
